// !$*UTF8*$!
{
	archiveVersion = 1;
	classes = {
	};
	objectVersion = 52;
	objects = {

/* Begin PBXBuildFile section */
		873C109020618F32000B6DE3 /* AppDelegate.swift in Sources */ = {isa = PBXBuildFile; fileRef = 873C108F20618F32000B6DE3 /* AppDelegate.swift */; };
		873C109220618F32000B6DE3 /* MainViewController.swift in Sources */ = {isa = PBXBuildFile; fileRef = 873C109120618F32000B6DE3 /* MainViewController.swift */; };
		873C109520618F32000B6DE3 /* Main.storyboard in Resources */ = {isa = PBXBuildFile; fileRef = 873C109320618F32000B6DE3 /* Main.storyboard */; };
		873C109720618F32000B6DE3 /* Assets.xcassets in Resources */ = {isa = PBXBuildFile; fileRef = 873C109620618F32000B6DE3 /* Assets.xcassets */; };
		873C109A20618F32000B6DE3 /* LaunchScreen.storyboard in Resources */ = {isa = PBXBuildFile; fileRef = 873C109820618F32000B6DE3 /* LaunchScreen.storyboard */; };
		873C10A320619068000B6DE3 /* DetailViewController.swift in Sources */ = {isa = PBXBuildFile; fileRef = 873C10A220619068000B6DE3 /* DetailViewController.swift */; };
		873C10A8206191A9000B6DE3 /* OpenWeatherAPI.swift in Sources */ = {isa = PBXBuildFile; fileRef = 873C10A7206191A9000B6DE3 /* OpenWeatherAPI.swift */; };
		873C10AA20619236000B6DE3 /* WeatherModel.swift in Sources */ = {isa = PBXBuildFile; fileRef = 873C10A920619236000B6DE3 /* WeatherModel.swift */; };
		873C10B120619CDF000B6DE3 /* LocationAlertViewController.swift in Sources */ = {isa = PBXBuildFile; fileRef = 873C10B020619CDF000B6DE3 /* LocationAlertViewController.swift */; };
		87C6859A2061A9EA00653CFD /* UIAlertController+Extension.swift in Sources */ = {isa = PBXBuildFile; fileRef = 87C685992061A9EA00653CFD /* UIAlertController+Extension.swift */; };
		9FF54C8F29744AC100264D1E /* Alamofire in Frameworks */ = {isa = PBXBuildFile; productRef = 9FF54C8E29744AC100264D1E /* Alamofire */; };
		9FF54C9229744B6500264D1E /* RswiftLibrary in Frameworks */ = {isa = PBXBuildFile; productRef = 9FF54C9129744B6500264D1E /* RswiftLibrary */; };
		9FF54C9B29744CC700264D1E /* SDWebImage in Frameworks */ = {isa = PBXBuildFile; productRef = 9FF54C9A29744CC700264D1E /* SDWebImage */; };
		9FF54C9E29744D3800264D1E /* Reachability in Frameworks */ = {isa = PBXBuildFile; productRef = 9FF54C9D29744D3800264D1E /* Reachability */; };
/* End PBXBuildFile section */

/* Begin PBXFileReference section */
		873C108C20618F32000B6DE3 /* WeatherApp.app */ = {isa = PBXFileReference; explicitFileType = wrapper.application; includeInIndex = 0; path = WeatherApp.app; sourceTree = BUILT_PRODUCTS_DIR; };
		873C108F20618F32000B6DE3 /* AppDelegate.swift */ = {isa = PBXFileReference; lastKnownFileType = sourcecode.swift; path = AppDelegate.swift; sourceTree = "<group>"; };
		873C109120618F32000B6DE3 /* MainViewController.swift */ = {isa = PBXFileReference; lastKnownFileType = sourcecode.swift; path = MainViewController.swift; sourceTree = "<group>"; };
		873C109420618F32000B6DE3 /* Base */ = {isa = PBXFileReference; lastKnownFileType = file.storyboard; name = Base; path = Base.lproj/Main.storyboard; sourceTree = "<group>"; };
		873C109620618F32000B6DE3 /* Assets.xcassets */ = {isa = PBXFileReference; lastKnownFileType = folder.assetcatalog; path = Assets.xcassets; sourceTree = "<group>"; };
		873C109920618F32000B6DE3 /* Base */ = {isa = PBXFileReference; lastKnownFileType = file.storyboard; name = Base; path = Base.lproj/LaunchScreen.storyboard; sourceTree = "<group>"; };
		873C109B20618F32000B6DE3 /* Info.plist */ = {isa = PBXFileReference; lastKnownFileType = text.plist.xml; path = Info.plist; sourceTree = "<group>"; };
		873C10A220619068000B6DE3 /* DetailViewController.swift */ = {isa = PBXFileReference; lastKnownFileType = sourcecode.swift; path = DetailViewController.swift; sourceTree = "<group>"; };
		873C10A7206191A9000B6DE3 /* OpenWeatherAPI.swift */ = {isa = PBXFileReference; lastKnownFileType = sourcecode.swift; path = OpenWeatherAPI.swift; sourceTree = "<group>"; };
		873C10A920619236000B6DE3 /* WeatherModel.swift */ = {isa = PBXFileReference; lastKnownFileType = sourcecode.swift; path = WeatherModel.swift; sourceTree = "<group>"; };
		873C10B020619CDF000B6DE3 /* LocationAlertViewController.swift */ = {isa = PBXFileReference; lastKnownFileType = sourcecode.swift; path = LocationAlertViewController.swift; sourceTree = "<group>"; };
		87C685992061A9EA00653CFD /* UIAlertController+Extension.swift */ = {isa = PBXFileReference; lastKnownFileType = sourcecode.swift; path = "UIAlertController+Extension.swift"; sourceTree = "<group>"; };
/* End PBXFileReference section */

/* Begin PBXFrameworksBuildPhase section */
		873C108920618F32000B6DE3 /* Frameworks */ = {
			isa = PBXFrameworksBuildPhase;
			buildActionMask = 2147483647;
			files = (
				9FF54C9B29744CC700264D1E /* SDWebImage in Frameworks */,
				9FF54C9E29744D3800264D1E /* Reachability in Frameworks */,
				9FF54C8F29744AC100264D1E /* Alamofire in Frameworks */,
				9FF54C9229744B6500264D1E /* RswiftLibrary in Frameworks */,
			);
			runOnlyForDeploymentPostprocessing = 0;
		};
/* End PBXFrameworksBuildPhase section */

/* Begin PBXGroup section */
		873C108320618F32000B6DE3 = {
			isa = PBXGroup;
			children = (
				873C108E20618F32000B6DE3 /* WeatherApp */,
				873C108D20618F32000B6DE3 /* Products */,
			);
			sourceTree = "<group>";
		};
		873C108D20618F32000B6DE3 /* Products */ = {
			isa = PBXGroup;
			children = (
				873C108C20618F32000B6DE3 /* WeatherApp.app */,
			);
			name = Products;
			sourceTree = "<group>";
		};
		873C108E20618F32000B6DE3 /* WeatherApp */ = {
			isa = PBXGroup;
			children = (
				873C10A120618F9D000B6DE3 /* Resources */,
				873C108F20618F32000B6DE3 /* AppDelegate.swift */,
				873C10A520619151000B6DE3 /* ViewControllers */,
				873C10A620619163000B6DE3 /* API */,
				873C10AB206192D7000B6DE3 /* Helpers */,
			);
			path = WeatherApp;
			sourceTree = "<group>";
		};
		873C10A120618F9D000B6DE3 /* Resources */ = {
			isa = PBXGroup;
			children = (
				873C109620618F32000B6DE3 /* Assets.xcassets */,
				873C109B20618F32000B6DE3 /* Info.plist */,
				873C109320618F32000B6DE3 /* Main.storyboard */,
				873C109820618F32000B6DE3 /* LaunchScreen.storyboard */,
			);
			path = Resources;
			sourceTree = "<group>";
		};
		873C10A520619151000B6DE3 /* ViewControllers */ = {
			isa = PBXGroup;
			children = (
				873C109120618F32000B6DE3 /* MainViewController.swift */,
				873C10A220619068000B6DE3 /* DetailViewController.swift */,
				873C10B020619CDF000B6DE3 /* LocationAlertViewController.swift */,
			);
			path = ViewControllers;
			sourceTree = "<group>";
		};
		873C10A620619163000B6DE3 /* API */ = {
			isa = PBXGroup;
			children = (
				873C10A7206191A9000B6DE3 /* OpenWeatherAPI.swift */,
				873C10A920619236000B6DE3 /* WeatherModel.swift */,
			);
			path = API;
			sourceTree = "<group>";
		};
		873C10AB206192D7000B6DE3 /* Helpers */ = {
			isa = PBXGroup;
			children = (
				87C685992061A9EA00653CFD /* UIAlertController+Extension.swift */,
			);
			path = Helpers;
			sourceTree = "<group>";
		};
/* End PBXGroup section */

/* Begin PBXNativeTarget section */
		873C108B20618F32000B6DE3 /* WeatherApp */ = {
			isa = PBXNativeTarget;
			buildConfigurationList = 873C109E20618F32000B6DE3 /* Build configuration list for PBXNativeTarget "WeatherApp" */;
			buildPhases = (
				873C108820618F32000B6DE3 /* Sources */,
				873C108920618F32000B6DE3 /* Frameworks */,
				873C108A20618F32000B6DE3 /* Resources */,
			);
			buildRules = (
			);
			dependencies = (
				9FF54C9429744B8600264D1E /* PBXTargetDependency */,
			);
			name = WeatherApp;
			packageProductDependencies = (
				9FF54C8E29744AC100264D1E /* Alamofire */,
				9FF54C9129744B6500264D1E /* RswiftLibrary */,
				9FF54C9A29744CC700264D1E /* SDWebImage */,
				9FF54C9D29744D3800264D1E /* Reachability */,
			);
			productName = WeatherApp;
			productReference = 873C108C20618F32000B6DE3 /* WeatherApp.app */;
			productType = "com.apple.product-type.application";
		};
/* End PBXNativeTarget section */

/* Begin PBXProject section */
		873C108420618F32000B6DE3 /* Project object */ = {
			isa = PBXProject;
			attributes = {
				LastSwiftUpdateCheck = 0920;
				LastUpgradeCheck = 1400;
				ORGANIZATIONNAME = Alexsays;
				TargetAttributes = {
					873C108B20618F32000B6DE3 = {
						CreatedOnToolsVersion = 9.2;
						ProvisioningStyle = Automatic;
					};
				};
			};
			buildConfigurationList = 873C108720618F32000B6DE3 /* Build configuration list for PBXProject "WeatherApp" */;
			compatibilityVersion = "Xcode 8.0";
			developmentRegion = en;
			hasScannedForEncodings = 0;
			knownRegions = (
				en,
				Base,
			);
			mainGroup = 873C108320618F32000B6DE3;
			packageReferences = (
				9FF54C8D29744AC100264D1E /* XCRemoteSwiftPackageReference "Alamofire" */,
				9FF54C9029744B6500264D1E /* XCRemoteSwiftPackageReference "R.swift" */,
				9FF54C9929744CC700264D1E /* XCRemoteSwiftPackageReference "SDWebImage" */,
				9FF54C9C29744D3800264D1E /* XCRemoteSwiftPackageReference "Reachability.swift" */,
			);
			productRefGroup = 873C108D20618F32000B6DE3 /* Products */;
			projectDirPath = "";
			projectRoot = "";
			targets = (
				873C108B20618F32000B6DE3 /* WeatherApp */,
			);
		};
/* End PBXProject section */

/* Begin PBXResourcesBuildPhase section */
		873C108A20618F32000B6DE3 /* Resources */ = {
			isa = PBXResourcesBuildPhase;
			buildActionMask = 2147483647;
			files = (
				873C109A20618F32000B6DE3 /* LaunchScreen.storyboard in Resources */,
				873C109720618F32000B6DE3 /* Assets.xcassets in Resources */,
				873C109520618F32000B6DE3 /* Main.storyboard in Resources */,
			);
			runOnlyForDeploymentPostprocessing = 0;
		};
/* End PBXResourcesBuildPhase section */

/* Begin PBXSourcesBuildPhase section */
		873C108820618F32000B6DE3 /* Sources */ = {
			isa = PBXSourcesBuildPhase;
			buildActionMask = 2147483647;
			files = (
				873C10A320619068000B6DE3 /* DetailViewController.swift in Sources */,
				873C109220618F32000B6DE3 /* MainViewController.swift in Sources */,
				873C10B120619CDF000B6DE3 /* LocationAlertViewController.swift in Sources */,
				87C6859A2061A9EA00653CFD /* UIAlertController+Extension.swift in Sources */,
				873C109020618F32000B6DE3 /* AppDelegate.swift in Sources */,
				873C10AA20619236000B6DE3 /* WeatherModel.swift in Sources */,
				873C10A8206191A9000B6DE3 /* OpenWeatherAPI.swift in Sources */,
			);
			runOnlyForDeploymentPostprocessing = 0;
		};
/* End PBXSourcesBuildPhase section */

/* Begin PBXTargetDependency section */
		9FF54C9429744B8600264D1E /* PBXTargetDependency */ = {
			isa = PBXTargetDependency;
			productRef = 9FF54C9329744B8600264D1E /* RswiftGenerateInternalResources */;
		};
/* End PBXTargetDependency section */

/* Begin PBXVariantGroup section */
		873C109320618F32000B6DE3 /* Main.storyboard */ = {
			isa = PBXVariantGroup;
			children = (
				873C109420618F32000B6DE3 /* Base */,
			);
			name = Main.storyboard;
			sourceTree = "<group>";
		};
		873C109820618F32000B6DE3 /* LaunchScreen.storyboard */ = {
			isa = PBXVariantGroup;
			children = (
				873C109920618F32000B6DE3 /* Base */,
			);
			name = LaunchScreen.storyboard;
			sourceTree = "<group>";
		};
/* End PBXVariantGroup section */

/* Begin XCBuildConfiguration section */
		873C109C20618F32000B6DE3 /* Debug */ = {
			isa = XCBuildConfiguration;
			buildSettings = {
				ALWAYS_SEARCH_USER_PATHS = NO;
				CLANG_ANALYZER_NONNULL = YES;
				CLANG_ANALYZER_NUMBER_OBJECT_CONVERSION = YES_AGGRESSIVE;
				CLANG_CXX_LANGUAGE_STANDARD = "gnu++14";
				CLANG_CXX_LIBRARY = "libc++";
				CLANG_ENABLE_MODULES = YES;
				CLANG_ENABLE_OBJC_ARC = YES;
				CLANG_WARN_BLOCK_CAPTURE_AUTORELEASING = YES;
				CLANG_WARN_BOOL_CONVERSION = YES;
				CLANG_WARN_COMMA = YES;
				CLANG_WARN_CONSTANT_CONVERSION = YES;
				CLANG_WARN_DEPRECATED_OBJC_IMPLEMENTATIONS = YES;
				CLANG_WARN_DIRECT_OBJC_ISA_USAGE = YES_ERROR;
				CLANG_WARN_DOCUMENTATION_COMMENTS = YES;
				CLANG_WARN_EMPTY_BODY = YES;
				CLANG_WARN_ENUM_CONVERSION = YES;
				CLANG_WARN_INFINITE_RECURSION = YES;
				CLANG_WARN_INT_CONVERSION = YES;
				CLANG_WARN_NON_LITERAL_NULL_CONVERSION = YES;
				CLANG_WARN_OBJC_IMPLICIT_RETAIN_SELF = YES;
				CLANG_WARN_OBJC_LITERAL_CONVERSION = YES;
				CLANG_WARN_OBJC_ROOT_CLASS = YES_ERROR;
				CLANG_WARN_QUOTED_INCLUDE_IN_FRAMEWORK_HEADER = YES;
				CLANG_WARN_RANGE_LOOP_ANALYSIS = YES;
				CLANG_WARN_STRICT_PROTOTYPES = YES;
				CLANG_WARN_SUSPICIOUS_MOVE = YES;
				CLANG_WARN_UNGUARDED_AVAILABILITY = YES_AGGRESSIVE;
				CLANG_WARN_UNREACHABLE_CODE = YES;
				CLANG_WARN__DUPLICATE_METHOD_MATCH = YES;
				CODE_SIGN_IDENTITY = "iPhone Developer";
				COPY_PHASE_STRIP = NO;
				DEBUG_INFORMATION_FORMAT = dwarf;
				ENABLE_STRICT_OBJC_MSGSEND = YES;
				ENABLE_TESTABILITY = YES;
				GCC_C_LANGUAGE_STANDARD = gnu11;
				GCC_DYNAMIC_NO_PIC = NO;
				GCC_NO_COMMON_BLOCKS = YES;
				GCC_OPTIMIZATION_LEVEL = 0;
				GCC_PREPROCESSOR_DEFINITIONS = (
					"DEBUG=1",
					"$(inherited)",
				);
				GCC_WARN_64_TO_32_BIT_CONVERSION = YES;
				GCC_WARN_ABOUT_RETURN_TYPE = YES_ERROR;
				GCC_WARN_UNDECLARED_SELECTOR = YES;
				GCC_WARN_UNINITIALIZED_AUTOS = YES_AGGRESSIVE;
				GCC_WARN_UNUSED_FUNCTION = YES;
				GCC_WARN_UNUSED_VARIABLE = YES;
				IPHONEOS_DEPLOYMENT_TARGET = 15.0;
				MTL_ENABLE_DEBUG_INFO = YES;
				ONLY_ACTIVE_ARCH = YES;
				SDKROOT = iphoneos;
				SWIFT_ACTIVE_COMPILATION_CONDITIONS = DEBUG;
				SWIFT_OPTIMIZATION_LEVEL = "-Onone";
				SWIFT_VERSION = 5.0;
			};
			name = Debug;
		};
		873C109D20618F32000B6DE3 /* Release */ = {
			isa = XCBuildConfiguration;
			buildSettings = {
				ALWAYS_SEARCH_USER_PATHS = NO;
				CLANG_ANALYZER_NONNULL = YES;
				CLANG_ANALYZER_NUMBER_OBJECT_CONVERSION = YES_AGGRESSIVE;
				CLANG_CXX_LANGUAGE_STANDARD = "gnu++14";
				CLANG_CXX_LIBRARY = "libc++";
				CLANG_ENABLE_MODULES = YES;
				CLANG_ENABLE_OBJC_ARC = YES;
				CLANG_WARN_BLOCK_CAPTURE_AUTORELEASING = YES;
				CLANG_WARN_BOOL_CONVERSION = YES;
				CLANG_WARN_COMMA = YES;
				CLANG_WARN_CONSTANT_CONVERSION = YES;
				CLANG_WARN_DEPRECATED_OBJC_IMPLEMENTATIONS = YES;
				CLANG_WARN_DIRECT_OBJC_ISA_USAGE = YES_ERROR;
				CLANG_WARN_DOCUMENTATION_COMMENTS = YES;
				CLANG_WARN_EMPTY_BODY = YES;
				CLANG_WARN_ENUM_CONVERSION = YES;
				CLANG_WARN_INFINITE_RECURSION = YES;
				CLANG_WARN_INT_CONVERSION = YES;
				CLANG_WARN_NON_LITERAL_NULL_CONVERSION = YES;
				CLANG_WARN_OBJC_IMPLICIT_RETAIN_SELF = YES;
				CLANG_WARN_OBJC_LITERAL_CONVERSION = YES;
				CLANG_WARN_OBJC_ROOT_CLASS = YES_ERROR;
				CLANG_WARN_QUOTED_INCLUDE_IN_FRAMEWORK_HEADER = YES;
				CLANG_WARN_RANGE_LOOP_ANALYSIS = YES;
				CLANG_WARN_STRICT_PROTOTYPES = YES;
				CLANG_WARN_SUSPICIOUS_MOVE = YES;
				CLANG_WARN_UNGUARDED_AVAILABILITY = YES_AGGRESSIVE;
				CLANG_WARN_UNREACHABLE_CODE = YES;
				CLANG_WARN__DUPLICATE_METHOD_MATCH = YES;
				CODE_SIGN_IDENTITY = "iPhone Developer";
				COPY_PHASE_STRIP = NO;
				DEBUG_INFORMATION_FORMAT = "dwarf-with-dsym";
				ENABLE_NS_ASSERTIONS = NO;
				ENABLE_STRICT_OBJC_MSGSEND = YES;
				GCC_C_LANGUAGE_STANDARD = gnu11;
				GCC_NO_COMMON_BLOCKS = YES;
				GCC_WARN_64_TO_32_BIT_CONVERSION = YES;
				GCC_WARN_ABOUT_RETURN_TYPE = YES_ERROR;
				GCC_WARN_UNDECLARED_SELECTOR = YES;
				GCC_WARN_UNINITIALIZED_AUTOS = YES_AGGRESSIVE;
				GCC_WARN_UNUSED_FUNCTION = YES;
				GCC_WARN_UNUSED_VARIABLE = YES;
				IPHONEOS_DEPLOYMENT_TARGET = 15.0;
				MTL_ENABLE_DEBUG_INFO = NO;
				SDKROOT = iphoneos;
				SWIFT_COMPILATION_MODE = wholemodule;
				SWIFT_OPTIMIZATION_LEVEL = "-O";
				SWIFT_VERSION = 5.0;
				VALIDATE_PRODUCT = YES;
			};
			name = Release;
		};
		873C109F20618F32000B6DE3 /* Debug */ = {
			isa = XCBuildConfiguration;
			buildSettings = {
				ASSETCATALOG_COMPILER_APPICON_NAME = AppIcon;
				CODE_SIGN_STYLE = Automatic;
				DEVELOPMENT_TEAM = VCJ54TJ566;
				INFOPLIST_FILE = "$(SRCROOT)/WeatherApp/Resources/Info.plist";
				INFOPLIST_KEY_LSApplicationCategoryType = "public.app-category.weather";
				LD_RUNPATH_SEARCH_PATHS = (
					"$(inherited)",
					"@executable_path/Frameworks",
				);
				PRODUCT_BUNDLE_IDENTIFIER = dev.alexsilva.WeatherApp;
				PRODUCT_NAME = "$(TARGET_NAME)";
				SWIFT_VERSION = 5.0;
				TARGETED_DEVICE_FAMILY = "1,2";
			};
			name = Debug;
		};
		873C10A020618F32000B6DE3 /* Release */ = {
			isa = XCBuildConfiguration;
			buildSettings = {
				ASSETCATALOG_COMPILER_APPICON_NAME = AppIcon;
				CODE_SIGN_STYLE = Automatic;
				DEVELOPMENT_TEAM = VCJ54TJ566;
				INFOPLIST_FILE = "$(SRCROOT)/WeatherApp/Resources/Info.plist";
				INFOPLIST_KEY_LSApplicationCategoryType = "public.app-category.weather";
				LD_RUNPATH_SEARCH_PATHS = (
					"$(inherited)",
					"@executable_path/Frameworks",
				);
				PRODUCT_BUNDLE_IDENTIFIER = dev.alexsilva.WeatherApp;
				PRODUCT_NAME = "$(TARGET_NAME)";
				SWIFT_VERSION = 5.0;
				TARGETED_DEVICE_FAMILY = "1,2";
			};
			name = Release;
		};
/* End XCBuildConfiguration section */

/* Begin XCConfigurationList section */
		873C108720618F32000B6DE3 /* Build configuration list for PBXProject "WeatherApp" */ = {
			isa = XCConfigurationList;
			buildConfigurations = (
				873C109C20618F32000B6DE3 /* Debug */,
				873C109D20618F32000B6DE3 /* Release */,
			);
			defaultConfigurationIsVisible = 0;
			defaultConfigurationName = Release;
		};
		873C109E20618F32000B6DE3 /* Build configuration list for PBXNativeTarget "WeatherApp" */ = {
			isa = XCConfigurationList;
			buildConfigurations = (
				873C109F20618F32000B6DE3 /* Debug */,
				873C10A020618F32000B6DE3 /* Release */,
			);
			defaultConfigurationIsVisible = 0;
			defaultConfigurationName = Release;
		};
/* End XCConfigurationList section */

/* Begin XCRemoteSwiftPackageReference section */
		9FF54C8D29744AC100264D1E /* XCRemoteSwiftPackageReference "Alamofire" */ = {
			isa = XCRemoteSwiftPackageReference;
			repositoryURL = "https://github.com/Alamofire/Alamofire.git";
			requirement = {
				kind = upToNextMajorVersion;
				minimumVersion = 5.6.1;
			};
		};
		9FF54C9029744B6500264D1E /* XCRemoteSwiftPackageReference "R.swift" */ = {
			isa = XCRemoteSwiftPackageReference;
			repositoryURL = "https://github.com/mac-cain13/R.swift.git";
			requirement = {
				kind = upToNextMajorVersion;
				minimumVersion = 7.0.0;
			};
		};
		9FF54C9929744CC700264D1E /* XCRemoteSwiftPackageReference "SDWebImage" */ = {
			isa = XCRemoteSwiftPackageReference;
			repositoryURL = "https://github.com/SDWebImage/SDWebImage";
			requirement = {
				kind = upToNextMajorVersion;
				minimumVersion = 5.0.0;
			};
		};
		9FF54C9C29744D3800264D1E /* XCRemoteSwiftPackageReference "Reachability.swift" */ = {
			isa = XCRemoteSwiftPackageReference;
			repositoryURL = "https://github.com/ashleymills/Reachability.swift.git";
			requirement = {
				kind = upToNextMajorVersion;
				minimumVersion = 5.0.0;
			};
		};
/* End XCRemoteSwiftPackageReference section */

/* Begin XCSwiftPackageProductDependency section */
		9FF54C8E29744AC100264D1E /* Alamofire */ = {
			isa = XCSwiftPackageProductDependency;
			package = 9FF54C8D29744AC100264D1E /* XCRemoteSwiftPackageReference "Alamofire" */;
			productName = Alamofire;
		};
		9FF54C9129744B6500264D1E /* RswiftLibrary */ = {
			isa = XCSwiftPackageProductDependency;
			package = 9FF54C9029744B6500264D1E /* XCRemoteSwiftPackageReference "R.swift" */;
			productName = RswiftLibrary;
		};
		9FF54C9329744B8600264D1E /* RswiftGenerateInternalResources */ = {
			isa = XCSwiftPackageProductDependency;
			productName = "plugin:RswiftGenerateInternalResources";
		};
		9FF54C9A29744CC700264D1E /* SDWebImage */ = {
			isa = XCSwiftPackageProductDependency;
			package = 9FF54C9929744CC700264D1E /* XCRemoteSwiftPackageReference "SDWebImage" */;
			productName = SDWebImage;
		};
		9FF54C9D29744D3800264D1E /* Reachability */ = {
			isa = XCSwiftPackageProductDependency;
			package = 9FF54C9C29744D3800264D1E /* XCRemoteSwiftPackageReference "Reachability.swift" */;
			productName = Reachability;
		};
/* End XCSwiftPackageProductDependency section */
	};
	rootObject = 873C108420618F32000B6DE3 /* Project object */;
}
